
Microsoft Visual Studio Solution File, Format Version 12.00
# Visual Studio Version 17
VisualStudioVersion = 17.9.34723.18
MinimumVisualStudioVersion = 10.0.40219.1
Project("{FAE04EC0-301F-11D3-BF4B-00C04F79EFBC}") = "ProjetoMyRh.API", "ProjetoMyRh.API\ProjetoMyRh.API.csproj", "{5F942DF3-8729-4569-BE8D-BA5D844E44F8}"
EndProject
Global
	GlobalSection(SolutionConfigurationPlatforms) = preSolution
		Debug|Any CPU = Debug|Any CPU
		Release|Any CPU = Release|Any CPU
	EndGlobalSection
	GlobalSection(ProjectConfigurationPlatforms) = postSolution
		{5F942DF3-8729-4569-BE8D-BA5D844E44F8}.Debug|Any CPU.ActiveCfg = Debug|Any CPU
		{5F942DF3-8729-4569-BE8D-BA5D844E44F8}.Debug|Any CPU.Build.0 = Debug|Any CPU
		{5F942DF3-8729-4569-BE8D-BA5D844E44F8}.Release|Any CPU.ActiveCfg = Release|Any CPU
		{5F942DF3-8729-4569-BE8D-BA5D844E44F8}.Release|Any CPU.Build.0 = Release|Any CPU
	EndGlobalSection
	GlobalSection(SolutionProperties) = preSolution
		HideSolutionNode = FALSE
	EndGlobalSection
	GlobalSection(ExtensibilityGlobals) = postSolution
		SolutionGuid = {607E9F78-1099-46E3-B2AB-7B9AD1A8E18B}
	EndGlobalSection
EndGlobal
