
Microsoft Visual Studio Solution File, Format Version 12.00
# Visual Studio Version 17
VisualStudioVersion = 17.9.34723.18
MinimumVisualStudioVersion = 10.0.40219.1
Project("{FAE04EC0-301F-11D3-BF4B-00C04F79EFBC}") = "Conceitos.WebApi", "Conceitos.WebApi\Conceitos.WebApi.csproj", "{AE65DFE3-8351-462D-B7EF-B2EE561A7D89}"
EndProject
Global
	GlobalSection(SolutionConfigurationPlatforms) = preSolution
		Debug|Any CPU = Debug|Any CPU
		Release|Any CPU = Release|Any CPU
	EndGlobalSection
	GlobalSection(ProjectConfigurationPlatforms) = postSolution
		{AE65DFE3-8351-462D-B7EF-B2EE561A7D89}.Debug|Any CPU.ActiveCfg = Debug|Any CPU
		{AE65DFE3-8351-462D-B7EF-B2EE561A7D89}.Debug|Any CPU.Build.0 = Debug|Any CPU
		{AE65DFE3-8351-462D-B7EF-B2EE561A7D89}.Release|Any CPU.ActiveCfg = Release|Any CPU
		{AE65DFE3-8351-462D-B7EF-B2EE561A7D89}.Release|Any CPU.Build.0 = Release|Any CPU
	EndGlobalSection
	GlobalSection(SolutionProperties) = preSolution
		HideSolutionNode = FALSE
	EndGlobalSection
	GlobalSection(ExtensibilityGlobals) = postSolution
		SolutionGuid = {8BFAD28F-CDEE-45B8-B0D2-DCF30298D89D}
	EndGlobalSection
EndGlobal
